
Microsoft Visual Studio Solution File, Format Version 12.00
# Visual Studio Version 17
VisualStudioVersion = 17.7.34031.279
MinimumVisualStudioVersion = 10.0.40219.1
Project("{8BC9CEB8-8B4A-11D0-8D11-00A0C91BC942}") = "OS06_01", "OS06_01\OS06_01.vcxproj", "{C0128E60-8822-440B-B058-8BB0B2E954E0}"
EndProject
Project("{8BC9CEB8-8B4A-11D0-8D11-00A0C91BC942}") = "OS06_02", "OS06_02\OS06_02.vcxproj", "{8CF5FCDC-9AD1-48A2-891D-299FA2DB262A}"
EndProject
Project("{8BC9CEB8-8B4A-11D0-8D11-00A0C91BC942}") = "OS06_03", "OS06_03\OS06_03.vcxproj", "{5EC790D9-5B85-4DE9-8D67-666AB3B1D87C}"
EndProject
Project("{8BC9CEB8-8B4A-11D0-8D11-00A0C91BC942}") = "OS06_03A", "OS06_03A\OS06_03A.vcxproj", "{E9C45B20-19B4-4AB8-93AB-1900E32162DA}"
EndProject
Project("{8BC9CEB8-8B4A-11D0-8D11-00A0C91BC942}") = "OS06_03B", "OS06_03B\OS06_03B.vcxproj", "{70FF2D09-284E-4A7F-B49B-94D4677E40B5}"
EndProject
Project("{8BC9CEB8-8B4A-11D0-8D11-00A0C91BC942}") = "OS06_04", "OS06_04\OS06_04.vcxproj", "{6207E745-96B1-4ABD-8116-AC5EFFDC2CB5}"
EndProject
Project("{8BC9CEB8-8B4A-11D0-8D11-00A0C91BC942}") = "OS06_04A", "OS06_04A\OS06_04A.vcxproj", "{993203D7-4D4A-4558-860A-2CC21D4BF33F}"
EndProject
Project("{8BC9CEB8-8B4A-11D0-8D11-00A0C91BC942}") = "OS06_04B", "OS06_04B\OS06_04B.vcxproj", "{94B7E662-0CB4-4085-A1C9-55D79157068A}"
EndProject
Project("{8BC9CEB8-8B4A-11D0-8D11-00A0C91BC942}") = "OS06_05", "OS06_05\OS06_05.vcxproj", "{605A703C-E6B7-45D3-9B31-A6D210170EB4}"
EndProject
Project("{8BC9CEB8-8B4A-11D0-8D11-00A0C91BC942}") = "OS06_05A", "OS06_05A\OS06_05A.vcxproj", "{BADC4D88-B0BC-4D3C-B824-173B163B6697}"
EndProject
Project("{8BC9CEB8-8B4A-11D0-8D11-00A0C91BC942}") = "OS06_05B", "OS06_05B\OS06_05B.vcxproj", "{B9AEB624-F561-459C-8FDE-F32F9B710E63}"
EndProject
Global
	GlobalSection(SolutionConfigurationPlatforms) = preSolution
		Debug|x64 = Debug|x64
		Debug|x86 = Debug|x86
		Release|x64 = Release|x64
		Release|x86 = Release|x86
	EndGlobalSection
	GlobalSection(ProjectConfigurationPlatforms) = postSolution
		{C0128E60-8822-440B-B058-8BB0B2E954E0}.Debug|x64.ActiveCfg = Debug|x64
		{C0128E60-8822-440B-B058-8BB0B2E954E0}.Debug|x64.Build.0 = Debug|x64
		{C0128E60-8822-440B-B058-8BB0B2E954E0}.Debug|x86.ActiveCfg = Debug|Win32
		{C0128E60-8822-440B-B058-8BB0B2E954E0}.Debug|x86.Build.0 = Debug|Win32
		{C0128E60-8822-440B-B058-8BB0B2E954E0}.Release|x64.ActiveCfg = Release|x64
		{C0128E60-8822-440B-B058-8BB0B2E954E0}.Release|x64.Build.0 = Release|x64
		{C0128E60-8822-440B-B058-8BB0B2E954E0}.Release|x86.ActiveCfg = Release|Win32
		{C0128E60-8822-440B-B058-8BB0B2E954E0}.Release|x86.Build.0 = Release|Win32
		{8CF5FCDC-9AD1-48A2-891D-299FA2DB262A}.Debug|x64.ActiveCfg = Debug|x64
		{8CF5FCDC-9AD1-48A2-891D-299FA2DB262A}.Debug|x64.Build.0 = Debug|x64
		{8CF5FCDC-9AD1-48A2-891D-299FA2DB262A}.Debug|x86.ActiveCfg = Debug|Win32
		{8CF5FCDC-9AD1-48A2-891D-299FA2DB262A}.Debug|x86.Build.0 = Debug|Win32
		{8CF5FCDC-9AD1-48A2-891D-299FA2DB262A}.Release|x64.ActiveCfg = Release|x64
		{8CF5FCDC-9AD1-48A2-891D-299FA2DB262A}.Release|x64.Build.0 = Release|x64
		{8CF5FCDC-9AD1-48A2-891D-299FA2DB262A}.Release|x86.ActiveCfg = Release|Win32
		{8CF5FCDC-9AD1-48A2-891D-299FA2DB262A}.Release|x86.Build.0 = Release|Win32
		{5EC790D9-5B85-4DE9-8D67-666AB3B1D87C}.Debug|x64.ActiveCfg = Debug|x64
		{5EC790D9-5B85-4DE9-8D67-666AB3B1D87C}.Debug|x64.Build.0 = Debug|x64
		{5EC790D9-5B85-4DE9-8D67-666AB3B1D87C}.Debug|x86.ActiveCfg = Debug|Win32
		{5EC790D9-5B85-4DE9-8D67-666AB3B1D87C}.Debug|x86.Build.0 = Debug|Win32
		{5EC790D9-5B85-4DE9-8D67-666AB3B1D87C}.Release|x64.ActiveCfg = Release|x64
		{5EC790D9-5B85-4DE9-8D67-666AB3B1D87C}.Release|x64.Build.0 = Release|x64
		{5EC790D9-5B85-4DE9-8D67-666AB3B1D87C}.Release|x86.ActiveCfg = Release|Win32
		{5EC790D9-5B85-4DE9-8D67-666AB3B1D87C}.Release|x86.Build.0 = Release|Win32
		{E9C45B20-19B4-4AB8-93AB-1900E32162DA}.Debug|x64.ActiveCfg = Debug|x64
		{E9C45B20-19B4-4AB8-93AB-1900E32162DA}.Debug|x64.Build.0 = Debug|x64
		{E9C45B20-19B4-4AB8-93AB-1900E32162DA}.Debug|x86.ActiveCfg = Debug|Win32
		{E9C45B20-19B4-4AB8-93AB-1900E32162DA}.Debug|x86.Build.0 = Debug|Win32
		{E9C45B20-19B4-4AB8-93AB-1900E32162DA}.Release|x64.ActiveCfg = Release|x64
		{E9C45B20-19B4-4AB8-93AB-1900E32162DA}.Release|x64.Build.0 = Release|x64
		{E9C45B20-19B4-4AB8-93AB-1900E32162DA}.Release|x86.ActiveCfg = Release|Win32
		{E9C45B20-19B4-4AB8-93AB-1900E32162DA}.Release|x86.Build.0 = Release|Win32
		{70FF2D09-284E-4A7F-B49B-94D4677E40B5}.Debug|x64.ActiveCfg = Debug|x64
		{70FF2D09-284E-4A7F-B49B-94D4677E40B5}.Debug|x64.Build.0 = Debug|x64
		{70FF2D09-284E-4A7F-B49B-94D4677E40B5}.Debug|x86.ActiveCfg = Debug|Win32
		{70FF2D09-284E-4A7F-B49B-94D4677E40B5}.Debug|x86.Build.0 = Debug|Win32
		{70FF2D09-284E-4A7F-B49B-94D4677E40B5}.Release|x64.ActiveCfg = Release|x64
		{70FF2D09-284E-4A7F-B49B-94D4677E40B5}.Release|x64.Build.0 = Release|x64
		{70FF2D09-284E-4A7F-B49B-94D4677E40B5}.Release|x86.ActiveCfg = Release|Win32
		{70FF2D09-284E-4A7F-B49B-94D4677E40B5}.Release|x86.Build.0 = Release|Win32
		{6207E745-96B1-4ABD-8116-AC5EFFDC2CB5}.Debug|x64.ActiveCfg = Debug|x64
		{6207E745-96B1-4ABD-8116-AC5EFFDC2CB5}.Debug|x64.Build.0 = Debug|x64
		{6207E745-96B1-4ABD-8116-AC5EFFDC2CB5}.Debug|x86.ActiveCfg = Debug|Win32
		{6207E745-96B1-4ABD-8116-AC5EFFDC2CB5}.Debug|x86.Build.0 = Debug|Win32
		{6207E745-96B1-4ABD-8116-AC5EFFDC2CB5}.Release|x64.ActiveCfg = Release|x64
		{6207E745-96B1-4ABD-8116-AC5EFFDC2CB5}.Release|x64.Build.0 = Release|x64
		{6207E745-96B1-4ABD-8116-AC5EFFDC2CB5}.Release|x86.ActiveCfg = Release|Win32
		{6207E745-96B1-4ABD-8116-AC5EFFDC2CB5}.Release|x86.Build.0 = Release|Win32
		{993203D7-4D4A-4558-860A-2CC21D4BF33F}.Debug|x64.ActiveCfg = Debug|x64
		{993203D7-4D4A-4558-860A-2CC21D4BF33F}.Debug|x64.Build.0 = Debug|x64
		{993203D7-4D4A-4558-860A-2CC21D4BF33F}.Debug|x86.ActiveCfg = Debug|Win32
		{993203D7-4D4A-4558-860A-2CC21D4BF33F}.Debug|x86.Build.0 = Debug|Win32
		{993203D7-4D4A-4558-860A-2CC21D4BF33F}.Release|x64.ActiveCfg = Release|x64
		{993203D7-4D4A-4558-860A-2CC21D4BF33F}.Release|x64.Build.0 = Release|x64
		{993203D7-4D4A-4558-860A-2CC21D4BF33F}.Release|x86.ActiveCfg = Release|Win32
		{993203D7-4D4A-4558-860A-2CC21D4BF33F}.Release|x86.Build.0 = Release|Win32
		{94B7E662-0CB4-4085-A1C9-55D79157068A}.Debug|x64.ActiveCfg = Debug|x64
		{94B7E662-0CB4-4085-A1C9-55D79157068A}.Debug|x64.Build.0 = Debug|x64
		{94B7E662-0CB4-4085-A1C9-55D79157068A}.Debug|x86.ActiveCfg = Debug|Win32
		{94B7E662-0CB4-4085-A1C9-55D79157068A}.Debug|x86.Build.0 = Debug|Win32
		{94B7E662-0CB4-4085-A1C9-55D79157068A}.Release|x64.ActiveCfg = Release|x64
		{94B7E662-0CB4-4085-A1C9-55D79157068A}.Release|x64.Build.0 = Release|x64
		{94B7E662-0CB4-4085-A1C9-55D79157068A}.Release|x86.ActiveCfg = Release|Win32
		{94B7E662-0CB4-4085-A1C9-55D79157068A}.Release|x86.Build.0 = Release|Win32
		{605A703C-E6B7-45D3-9B31-A6D210170EB4}.Debug|x64.ActiveCfg = Debug|x64
		{605A703C-E6B7-45D3-9B31-A6D210170EB4}.Debug|x64.Build.0 = Debug|x64
		{605A703C-E6B7-45D3-9B31-A6D210170EB4}.Debug|x86.ActiveCfg = Debug|Win32
		{605A703C-E6B7-45D3-9B31-A6D210170EB4}.Debug|x86.Build.0 = Debug|Win32
		{605A703C-E6B7-45D3-9B31-A6D210170EB4}.Release|x64.ActiveCfg = Release|x64
		{605A703C-E6B7-45D3-9B31-A6D210170EB4}.Release|x64.Build.0 = Release|x64
		{605A703C-E6B7-45D3-9B31-A6D210170EB4}.Release|x86.ActiveCfg = Release|Win32
		{605A703C-E6B7-45D3-9B31-A6D210170EB4}.Release|x86.Build.0 = Release|Win32
		{BADC4D88-B0BC-4D3C-B824-173B163B6697}.Debug|x64.ActiveCfg = Debug|x64
		{BADC4D88-B0BC-4D3C-B824-173B163B6697}.Debug|x64.Build.0 = Debug|x64
		{BADC4D88-B0BC-4D3C-B824-173B163B6697}.Debug|x86.ActiveCfg = Debug|Win32
		{BADC4D88-B0BC-4D3C-B824-173B163B6697}.Debug|x86.Build.0 = Debug|Win32
		{BADC4D88-B0BC-4D3C-B824-173B163B6697}.Release|x64.ActiveCfg = Release|x64
		{BADC4D88-B0BC-4D3C-B824-173B163B6697}.Release|x64.Build.0 = Release|x64
		{BADC4D88-B0BC-4D3C-B824-173B163B6697}.Release|x86.ActiveCfg = Release|Win32
		{BADC4D88-B0BC-4D3C-B824-173B163B6697}.Release|x86.Build.0 = Release|Win32
		{B9AEB624-F561-459C-8FDE-F32F9B710E63}.Debug|x64.ActiveCfg = Debug|x64
		{B9AEB624-F561-459C-8FDE-F32F9B710E63}.Debug|x64.Build.0 = Debug|x64
		{B9AEB624-F561-459C-8FDE-F32F9B710E63}.Debug|x86.ActiveCfg = Debug|Win32
		{B9AEB624-F561-459C-8FDE-F32F9B710E63}.Debug|x86.Build.0 = Debug|Win32
		{B9AEB624-F561-459C-8FDE-F32F9B710E63}.Release|x64.ActiveCfg = Release|x64
		{B9AEB624-F561-459C-8FDE-F32F9B710E63}.Release|x64.Build.0 = Release|x64
		{B9AEB624-F561-459C-8FDE-F32F9B710E63}.Release|x86.ActiveCfg = Release|Win32
		{B9AEB624-F561-459C-8FDE-F32F9B710E63}.Release|x86.Build.0 = Release|Win32
	EndGlobalSection
	GlobalSection(SolutionProperties) = preSolution
		HideSolutionNode = FALSE
	EndGlobalSection
	GlobalSection(ExtensibilityGlobals) = postSolution
		SolutionGuid = {AF815167-AFFB-4F34-B674-2E2B0E36403A}
	EndGlobalSection
EndGlobal
